
Microsoft Visual Studio Solution File, Format Version 12.00
# Visual Studio Version 17
VisualStudioVersion = 17.2.32519.379
MinimumVisualStudioVersion = 10.0.40219.1
Project("{9A19103F-16F7-4668-BE54-9A1E7A4F7556}") = "DamageBoy", "DamageBoy\DamageBoy.csproj", "{F775D6F4-3AE9-43A1-9F8E-54CF18A3E823}"
EndProject
Project("{9A19103F-16F7-4668-BE54-9A1E7A4F7556}") = "DamageBoy.Core", "DamageBoy.Core\DamageBoy.Core.csproj", "{3F1DB605-8534-4CB5-A22A-64927DEDA421}"
EndProject
Global
	GlobalSection(SolutionConfigurationPlatforms) = preSolution
		Debug|Any CPU = Debug|Any CPU
		Release|Any CPU = Release|Any CPU
	EndGlobalSection
	GlobalSection(ProjectConfigurationPlatforms) = postSolution
		{F775D6F4-3AE9-43A1-9F8E-54CF18A3E823}.Debug|Any CPU.ActiveCfg = Debug|Any CPU
		{F775D6F4-3AE9-43A1-9F8E-54CF18A3E823}.Debug|Any CPU.Build.0 = Debug|Any CPU
		{F775D6F4-3AE9-43A1-9F8E-54CF18A3E823}.Release|Any CPU.ActiveCfg = Release|Any CPU
		{F775D6F4-3AE9-43A1-9F8E-54CF18A3E823}.Release|Any CPU.Build.0 = Release|Any CPU
		{3F1DB605-8534-4CB5-A22A-64927DEDA421}.Debug|Any CPU.ActiveCfg = Debug|Any CPU
		{3F1DB605-8534-4CB5-A22A-64927DEDA421}.Debug|Any CPU.Build.0 = Debug|Any CPU
		{3F1DB605-8534-4CB5-A22A-64927DEDA421}.Release|Any CPU.ActiveCfg = Release|Any CPU
		{3F1DB605-8534-4CB5-A22A-64927DEDA421}.Release|Any CPU.Build.0 = Release|Any CPU
	EndGlobalSection
	GlobalSection(SolutionProperties) = preSolution
		HideSolutionNode = FALSE
	EndGlobalSection
	GlobalSection(ExtensibilityGlobals) = postSolution
		SolutionGuid = {8686AE78-AD91-4BBC-B30A-71DE14E21EA5}
	EndGlobalSection
EndGlobal
